
Microsoft Visual Studio Solution File, Format Version 12.00
# Visual Studio Version 16
VisualStudioVersion = 16.0.31727.386
MinimumVisualStudioVersion = 10.0.40219.1
Project("{FAE04EC0-301F-11D3-BF4B-00C04F79EFBC}") = "MapAssist", "MapAssist.csproj", "{FB3AC437-B7BB-42FF-A2A2-F10551F95F6C}"
EndProject
Global
	GlobalSection(SolutionConfigurationPlatforms) = preSolution
		Debug|x64 = Debug|x64
		Release|x64 = Release|x64
	EndGlobalSection
	GlobalSection(ProjectConfigurationPlatforms) = postSolution
		{FB3AC437-B7BB-42FF-A2A2-F10551F95F6C}.Debug|x64.ActiveCfg = Debug|x64
		{FB3AC437-B7BB-42FF-A2A2-F10551F95F6C}.Debug|x64.Build.0 = Debug|x64
		{FB3AC437-B7BB-42FF-A2A2-F10551F95F6C}.Release|x64.ActiveCfg = Release|x64
		{FB3AC437-B7BB-42FF-A2A2-F10551F95F6C}.Release|x64.Build.0 = Release|x64
	EndGlobalSection
	GlobalSection(SolutionProperties) = preSolution
		HideSolutionNode = FALSE
	EndGlobalSection
	GlobalSection(ExtensibilityGlobals) = postSolution
		SolutionGuid = {F3FD903D-7D06-41F3-BEE3-6AEF2D88C726}
	EndGlobalSection
EndGlobal
